
Microsoft Visual Studio Solution File, Format Version 12.00
# Visual Studio 15
VisualStudioVersion = 15.0.34930.48
MinimumVisualStudioVersion = 10.0.40219.1
Project("{8BC9CEB8-8B4A-11D0-8D11-00A0C91BC942}") = "Sandbox", "Sandbox\Sandbox.vcxproj", "{349FFFB4-C6AE-4B94-9AC7-8A7F57CCDF02}"
EndProject
Project("{8BC9CEB8-8B4A-11D0-8D11-00A0C91BC942}") = "Hazel", "Hazel\Hazel.vcxproj", "{6F296384-7FF8-4183-9638-137DF77D6A65}"
EndProject
Global
	GlobalSection(SolutionConfigurationPlatforms) = preSolution
		Debug|x64 = Debug|x64
		Release|x64 = Release|x64
	EndGlobalSection
	GlobalSection(ProjectConfigurationPlatforms) = postSolution
		{6F296384-7FF8-4183-9638-137DF77D6A65}.Debug|x64.ActiveCfg = Debug|x64
		{6F296384-7FF8-4183-9638-137DF77D6A65}.Debug|x64.Build.0 = Debug|x64
		{6F296384-7FF8-4183-9638-137DF77D6A65}.Release|x64.ActiveCfg = Debug|x64
		{6F296384-7FF8-4183-9638-137DF77D6A65}.Release|x64.Build.0 = Debug|x64
		{349FFFB4-C6AE-4B94-9AC7-8A7F57CCDF02}.Debug|x64.ActiveCfg = Debug|x64
		{349FFFB4-C6AE-4B94-9AC7-8A7F57CCDF02}.Debug|x64.Build.0 = Debug|x64
		{349FFFB4-C6AE-4B94-9AC7-8A7F57CCDF02}.Release|x64.ActiveCfg = Release|x64
		{349FFFB4-C6AE-4B94-9AC7-8A7F57CCDF02}.Release|x64.Build.0 = Release|x64
	EndGlobalSection
	GlobalSection(SolutionProperties) = preSolution
		HideSolutionNode = FALSE
	EndGlobalSection
	GlobalSection(ExtensibilityGlobals) = postSolution
		SolutionGuid = {C6BC283F-99D5-4B1B-B646-F478C90ECB7F}
	EndGlobalSection
EndGlobal
